
Microsoft Visual Studio Solution File, Format Version 12.00
# Visual Studio Version 17
VisualStudioVersion = 17.12.35707.178 d17.12
MinimumVisualStudioVersion = 10.0.40219.1
Project("{2150E333-8FDC-42A3-9474-1A3956D46DE8}") = "Source", "Source", "{50D122F9-C01D-4B29-AEA0-1EE7E1CB2C96}"
EndProject
Project("{2150E333-8FDC-42A3-9474-1A3956D46DE8}") = "Presentation", "Presentation", "{2349DD75-E40E-4587-AF29-C5E4CED7D2B8}"
EndProject
Project("{2150E333-8FDC-42A3-9474-1A3956D46DE8}") = "Core", "Core", "{42EC55C0-B6B8-4A55-9355-DC61B01EF6FC}"
EndProject
Project("{2150E333-8FDC-42A3-9474-1A3956D46DE8}") = "Infrastructure", "Infrastructure", "{7CB56781-E762-489A-91B9-926DB7BF941E}"
EndProject
Project("{FAE04EC0-301F-11D3-BF4B-00C04F79EFBC}") = "FinCore.Core.Domain", "FinCore.Core.Domain\FinCore.Core.Domain.csproj", "{797EEE8E-BF53-4B31-ACBD-BE9F26D9EB65}"
EndProject
Project("{FAE04EC0-301F-11D3-BF4B-00C04F79EFBC}") = "FinCore.Core.Application", "FinCore.Core.Application\FinCore.Core.Application.csproj", "{569190FF-30DC-4057-B9CF-72AD12F5E7C1}"
EndProject
Project("{FAE04EC0-301F-11D3-BF4B-00C04F79EFBC}") = "FinCore.Infrastructure.Persistence", "FinCore.Infrastructure.Persistence\FinCore.Infrastructure.Persistence.csproj", "{B07EB563-9DAD-43D8-A513-5E6DCE65AEB8}"
EndProject
Project("{FAE04EC0-301F-11D3-BF4B-00C04F79EFBC}") = "FinCore.Infrastructure.Identity", "FinCore.Infrastructure.Identity\FinCore.Infrastructure.Identity.csproj", "{B7F4BE28-AC2F-4498-9BF5-50FA9F8ECE85}"
EndProject
Project("{FAE04EC0-301F-11D3-BF4B-00C04F79EFBC}") = "FinCore.Infrastructure.Shared", "FinCore.Infrastructure.Shared\FinCore.Infrastructure.Shared.csproj", "{69270DF0-1CE5-48D3-AECC-9F362B40252B}"
EndProject
Project("{2150E333-8FDC-42A3-9474-1A3956D46DE8}") = "WebApp", "WebApp", "{858DB6B8-34C7-4BC7-BC29-DD7A83E53C27}"
EndProject
Project("{2150E333-8FDC-42A3-9474-1A3956D46DE8}") = "WebAPI", "WebAPI", "{B9DAE781-8390-4835-817F-6B52798B44DD}"
EndProject
Project("{FAE04EC0-301F-11D3-BF4B-00C04F79EFBC}") = "FinCoreAPI", "FinCoreAPI\FinCoreAPI.csproj", "{542AD5E3-282D-4DB2-96EA-1F2A0FCB710A}"
EndProject
Project("{FAE04EC0-301F-11D3-BF4B-00C04F79EFBC}") = "FinCoreApp", "FinCoreApp\FinCoreApp.csproj", "{5BA25E2E-7591-4766-9B05-2437108EA782}"
EndProject
Global
	GlobalSection(SolutionConfigurationPlatforms) = preSolution
		Debug|Any CPU = Debug|Any CPU
		Release|Any CPU = Release|Any CPU
	EndGlobalSection
	GlobalSection(ProjectConfigurationPlatforms) = postSolution
		{797EEE8E-BF53-4B31-ACBD-BE9F26D9EB65}.Debug|Any CPU.ActiveCfg = Debug|Any CPU
		{797EEE8E-BF53-4B31-ACBD-BE9F26D9EB65}.Debug|Any CPU.Build.0 = Debug|Any CPU
		{797EEE8E-BF53-4B31-ACBD-BE9F26D9EB65}.Release|Any CPU.ActiveCfg = Release|Any CPU
		{797EEE8E-BF53-4B31-ACBD-BE9F26D9EB65}.Release|Any CPU.Build.0 = Release|Any CPU
		{569190FF-30DC-4057-B9CF-72AD12F5E7C1}.Debug|Any CPU.ActiveCfg = Debug|Any CPU
		{569190FF-30DC-4057-B9CF-72AD12F5E7C1}.Debug|Any CPU.Build.0 = Debug|Any CPU
		{569190FF-30DC-4057-B9CF-72AD12F5E7C1}.Release|Any CPU.ActiveCfg = Release|Any CPU
		{569190FF-30DC-4057-B9CF-72AD12F5E7C1}.Release|Any CPU.Build.0 = Release|Any CPU
		{B07EB563-9DAD-43D8-A513-5E6DCE65AEB8}.Debug|Any CPU.ActiveCfg = Debug|Any CPU
		{B07EB563-9DAD-43D8-A513-5E6DCE65AEB8}.Debug|Any CPU.Build.0 = Debug|Any CPU
		{B07EB563-9DAD-43D8-A513-5E6DCE65AEB8}.Release|Any CPU.ActiveCfg = Release|Any CPU
		{B07EB563-9DAD-43D8-A513-5E6DCE65AEB8}.Release|Any CPU.Build.0 = Release|Any CPU
		{B7F4BE28-AC2F-4498-9BF5-50FA9F8ECE85}.Debug|Any CPU.ActiveCfg = Debug|Any CPU
		{B7F4BE28-AC2F-4498-9BF5-50FA9F8ECE85}.Debug|Any CPU.Build.0 = Debug|Any CPU
		{B7F4BE28-AC2F-4498-9BF5-50FA9F8ECE85}.Release|Any CPU.ActiveCfg = Release|Any CPU
		{B7F4BE28-AC2F-4498-9BF5-50FA9F8ECE85}.Release|Any CPU.Build.0 = Release|Any CPU
		{69270DF0-1CE5-48D3-AECC-9F362B40252B}.Debug|Any CPU.ActiveCfg = Debug|Any CPU
		{69270DF0-1CE5-48D3-AECC-9F362B40252B}.Debug|Any CPU.Build.0 = Debug|Any CPU
		{69270DF0-1CE5-48D3-AECC-9F362B40252B}.Release|Any CPU.ActiveCfg = Release|Any CPU
		{69270DF0-1CE5-48D3-AECC-9F362B40252B}.Release|Any CPU.Build.0 = Release|Any CPU
		{542AD5E3-282D-4DB2-96EA-1F2A0FCB710A}.Debug|Any CPU.ActiveCfg = Debug|Any CPU
		{542AD5E3-282D-4DB2-96EA-1F2A0FCB710A}.Debug|Any CPU.Build.0 = Debug|Any CPU
		{542AD5E3-282D-4DB2-96EA-1F2A0FCB710A}.Release|Any CPU.ActiveCfg = Release|Any CPU
		{542AD5E3-282D-4DB2-96EA-1F2A0FCB710A}.Release|Any CPU.Build.0 = Release|Any CPU
		{5BA25E2E-7591-4766-9B05-2437108EA782}.Debug|Any CPU.ActiveCfg = Debug|Any CPU
		{5BA25E2E-7591-4766-9B05-2437108EA782}.Debug|Any CPU.Build.0 = Debug|Any CPU
		{5BA25E2E-7591-4766-9B05-2437108EA782}.Release|Any CPU.ActiveCfg = Release|Any CPU
		{5BA25E2E-7591-4766-9B05-2437108EA782}.Release|Any CPU.Build.0 = Release|Any CPU
	EndGlobalSection
	GlobalSection(SolutionProperties) = preSolution
		HideSolutionNode = FALSE
	EndGlobalSection
	GlobalSection(NestedProjects) = preSolution
		{2349DD75-E40E-4587-AF29-C5E4CED7D2B8} = {50D122F9-C01D-4B29-AEA0-1EE7E1CB2C96}
		{42EC55C0-B6B8-4A55-9355-DC61B01EF6FC} = {50D122F9-C01D-4B29-AEA0-1EE7E1CB2C96}
		{7CB56781-E762-489A-91B9-926DB7BF941E} = {50D122F9-C01D-4B29-AEA0-1EE7E1CB2C96}
		{797EEE8E-BF53-4B31-ACBD-BE9F26D9EB65} = {42EC55C0-B6B8-4A55-9355-DC61B01EF6FC}
		{569190FF-30DC-4057-B9CF-72AD12F5E7C1} = {42EC55C0-B6B8-4A55-9355-DC61B01EF6FC}
		{B07EB563-9DAD-43D8-A513-5E6DCE65AEB8} = {7CB56781-E762-489A-91B9-926DB7BF941E}
		{B7F4BE28-AC2F-4498-9BF5-50FA9F8ECE85} = {7CB56781-E762-489A-91B9-926DB7BF941E}
		{69270DF0-1CE5-48D3-AECC-9F362B40252B} = {7CB56781-E762-489A-91B9-926DB7BF941E}
		{858DB6B8-34C7-4BC7-BC29-DD7A83E53C27} = {2349DD75-E40E-4587-AF29-C5E4CED7D2B8}
		{B9DAE781-8390-4835-817F-6B52798B44DD} = {2349DD75-E40E-4587-AF29-C5E4CED7D2B8}
		{542AD5E3-282D-4DB2-96EA-1F2A0FCB710A} = {B9DAE781-8390-4835-817F-6B52798B44DD}
		{5BA25E2E-7591-4766-9B05-2437108EA782} = {858DB6B8-34C7-4BC7-BC29-DD7A83E53C27}
	EndGlobalSection
EndGlobal
